
Microsoft Visual Studio Solution File, Format Version 12.00
# Visual Studio Version 17
VisualStudioVersion = 17.14.36301.6 d17.14
MinimumVisualStudioVersion = 10.0.40219.1
Project("{FAE04EC0-301F-11D3-BF4B-00C04F79EFBC}") = "DesignPatternsProject", "DesignPatternsProject\DesignPatternsProject.csproj", "{7BD9BFBC-CD76-45CB-A435-2B3537E1F1A8}"
EndProject
Global
	GlobalSection(SolutionConfigurationPlatforms) = preSolution
		Debug|Any CPU = Debug|Any CPU
		Release|Any CPU = Release|Any CPU
	EndGlobalSection
	GlobalSection(ProjectConfigurationPlatforms) = postSolution
		{7BD9BFBC-CD76-45CB-A435-2B3537E1F1A8}.Debug|Any CPU.ActiveCfg = Debug|Any CPU
		{7BD9BFBC-CD76-45CB-A435-2B3537E1F1A8}.Debug|Any CPU.Build.0 = Debug|Any CPU
		{7BD9BFBC-CD76-45CB-A435-2B3537E1F1A8}.Release|Any CPU.ActiveCfg = Release|Any CPU
		{7BD9BFBC-CD76-45CB-A435-2B3537E1F1A8}.Release|Any CPU.Build.0 = Release|Any CPU
	EndGlobalSection
	GlobalSection(SolutionProperties) = preSolution
		HideSolutionNode = FALSE
	EndGlobalSection
	GlobalSection(ExtensibilityGlobals) = postSolution
		SolutionGuid = {F76590FB-3C1B-4738-9B0A-842CEE62ADE4}
	EndGlobalSection
EndGlobal
